
Microsoft Visual Studio Solution File, Format Version 12.00
# Visual Studio Version 16
VisualStudioVersion = 16.0.30907.101
MinimumVisualStudioVersion = 10.0.40219.1
Project("{FAE04EC0-301F-11D3-BF4B-00C04F79EFBC}") = "Assignment1-2021", "Assignment1-2021.csproj", "{AA960A3B-9D12-42F0-AEC7-EC7042102823}"
EndProject
Global
	GlobalSection(SolutionConfigurationPlatforms) = preSolution
		Debug|Any CPU = Debug|Any CPU
		Release|Any CPU = Release|Any CPU
	EndGlobalSection
	GlobalSection(ProjectConfigurationPlatforms) = postSolution
		{AA960A3B-9D12-42F0-AEC7-EC7042102823}.Debug|Any CPU.ActiveCfg = Debug|Any CPU
		{AA960A3B-9D12-42F0-AEC7-EC7042102823}.Debug|Any CPU.Build.0 = Debug|Any CPU
		{AA960A3B-9D12-42F0-AEC7-EC7042102823}.Release|Any CPU.ActiveCfg = Release|Any CPU
		{AA960A3B-9D12-42F0-AEC7-EC7042102823}.Release|Any CPU.Build.0 = Release|Any CPU
	EndGlobalSection
	GlobalSection(SolutionProperties) = preSolution
		HideSolutionNode = FALSE
	EndGlobalSection
	GlobalSection(ExtensibilityGlobals) = postSolution
		SolutionGuid = {5C754306-E4E5-4D42-B237-EDF58334A38B}
	EndGlobalSection
EndGlobal
